
Microsoft Visual Studio Solution File, Format Version 12.00
# Visual Studio Version 16
VisualStudioVersion = 16.0.30011.22
MinimumVisualStudioVersion = 10.0.40219.1
Project("{8BC9CEB8-8B4A-11D0-8D11-00A0C91BC942}") = "vector_test", "vector_test\vector_test.vcxproj", "{B3076974-BA80-4A85-B3AC-F487439B5A8C}"
EndProject
Global
	GlobalSection(SolutionConfigurationPlatforms) = preSolution
		Debug|x64 = Debug|x64
		Debug|x86 = Debug|x86
		Release|x64 = Release|x64
		Release|x86 = Release|x86
	EndGlobalSection
	GlobalSection(ProjectConfigurationPlatforms) = postSolution
		{B3076974-BA80-4A85-B3AC-F487439B5A8C}.Debug|x64.ActiveCfg = Debug|x64
		{B3076974-BA80-4A85-B3AC-F487439B5A8C}.Debug|x64.Build.0 = Debug|x64
		{B3076974-BA80-4A85-B3AC-F487439B5A8C}.Debug|x86.ActiveCfg = Debug|Win32
		{B3076974-BA80-4A85-B3AC-F487439B5A8C}.Debug|x86.Build.0 = Debug|Win32
		{B3076974-BA80-4A85-B3AC-F487439B5A8C}.Release|x64.ActiveCfg = Release|x64
		{B3076974-BA80-4A85-B3AC-F487439B5A8C}.Release|x64.Build.0 = Release|x64
		{B3076974-BA80-4A85-B3AC-F487439B5A8C}.Release|x86.ActiveCfg = Release|Win32
		{B3076974-BA80-4A85-B3AC-F487439B5A8C}.Release|x86.Build.0 = Release|Win32
	EndGlobalSection
	GlobalSection(SolutionProperties) = preSolution
		HideSolutionNode = FALSE
	EndGlobalSection
	GlobalSection(ExtensibilityGlobals) = postSolution
		SolutionGuid = {AC394D1E-3685-4E3A-9148-B1B6A695D677}
	EndGlobalSection
EndGlobal
